<Solution>
  <Folder Name="/Solution/">
    <File Path=".editorconfig" />
    <File Path=".gitattributes" />
    <File Path=".gitignore" />
    <File Path="docs/HideBlueHighlight.cs" />
    <File Path="docs/Internals.md" />
    <File Path="docs/OutlineRendering.md" />
    <File Path="LICENSE" />
    <File Path="LICENSE-EXCEPTION" />
    <File Path="README.md" />
  </Folder>
  <Project Path="HoverColors/HoverColors.csproj" />
</Solution>
